// !$*UTF8*$!
{
	archiveVersion = 1;
	classes = {
	};
	objectVersion = 50;
	objects = {

/* Begin PBXBuildFile section */
		BC323F61237C698D0056B7BE /* AppDelegate.swift in Sources */ = {isa = PBXBuildFile; fileRef = BC323F60237C698D0056B7BE /* AppDelegate.swift */; };
		BC323F63237C698D0056B7BE /* SceneDelegate.swift in Sources */ = {isa = PBXBuildFile; fileRef = BC323F62237C698D0056B7BE /* SceneDelegate.swift */; };
		BC323F68237C698D0056B7BE /* Main.storyboard in Resources */ = {isa = PBXBuildFile; fileRef = BC323F66237C698D0056B7BE /* Main.storyboard */; };
		BC323F6A237C69930056B7BE /* Assets.xcassets in Resources */ = {isa = PBXBuildFile; fileRef = BC323F69237C69930056B7BE /* Assets.xcassets */; };
		BC323F6D237C69930056B7BE /* LaunchScreen.storyboard in Resources */ = {isa = PBXBuildFile; fileRef = BC323F6B237C69930056B7BE /* LaunchScreen.storyboard */; };
		BC323F8B237C6D820056B7BE /* GroceryListView.swift in Sources */ = {isa = PBXBuildFile; fileRef = BC323F8A237C6D820056B7BE /* GroceryListView.swift */; };
		BC323F8D237C6DB40056B7BE /* GroceryListProtocols.swift in Sources */ = {isa = PBXBuildFile; fileRef = BC323F8C237C6DB40056B7BE /* GroceryListProtocols.swift */; };
		BC323F8F237C6DE10056B7BE /* GroceryListPresenter.swift in Sources */ = {isa = PBXBuildFile; fileRef = BC323F8E237C6DE10056B7BE /* GroceryListPresenter.swift */; };
		BC323F91237C6E140056B7BE /* GroceryListInteractor.swift in Sources */ = {isa = PBXBuildFile; fileRef = BC323F90237C6E140056B7BE /* GroceryListInteractor.swift */; };
		BC323F93237C71DE0056B7BE /* GroceryListWireFrame.swift in Sources */ = {isa = PBXBuildFile; fileRef = BC323F92237C71DE0056B7BE /* GroceryListWireFrame.swift */; };
		BC7AC67B237CABA400B0EA31 /* LocalDataStore.swift in Sources */ = {isa = PBXBuildFile; fileRef = BC7AC67A237CABA400B0EA31 /* LocalDataStore.swift */; };
		BC7AC67F237CACF900B0EA31 /* Grocery.swift in Sources */ = {isa = PBXBuildFile; fileRef = BC7AC67E237CACF900B0EA31 /* Grocery.swift */; };
		BC7AC681237CB0AA00B0EA31 /* LocalDataManager.swift in Sources */ = {isa = PBXBuildFile; fileRef = BC7AC680237CB0AA00B0EA31 /* LocalDataManager.swift */; };
/* End PBXBuildFile section */

/* Begin PBXFileReference section */
		BC323F5D237C698D0056B7BE /* EasyGrocery.app */ = {isa = PBXFileReference; explicitFileType = wrapper.application; includeInIndex = 0; path = EasyGrocery.app; sourceTree = BUILT_PRODUCTS_DIR; };
		BC323F60237C698D0056B7BE /* AppDelegate.swift */ = {isa = PBXFileReference; lastKnownFileType = sourcecode.swift; path = AppDelegate.swift; sourceTree = "<group>"; };
		BC323F62237C698D0056B7BE /* SceneDelegate.swift */ = {isa = PBXFileReference; lastKnownFileType = sourcecode.swift; path = SceneDelegate.swift; sourceTree = "<group>"; };
		BC323F67237C698D0056B7BE /* Base */ = {isa = PBXFileReference; lastKnownFileType = file.storyboard; name = Base; path = Base.lproj/Main.storyboard; sourceTree = "<group>"; };
		BC323F69237C69930056B7BE /* Assets.xcassets */ = {isa = PBXFileReference; lastKnownFileType = folder.assetcatalog; path = Assets.xcassets; sourceTree = "<group>"; };
		BC323F6C237C69930056B7BE /* Base */ = {isa = PBXFileReference; lastKnownFileType = file.storyboard; name = Base; path = Base.lproj/LaunchScreen.storyboard; sourceTree = "<group>"; };
		BC323F6E237C69930056B7BE /* Info.plist */ = {isa = PBXFileReference; lastKnownFileType = text.plist.xml; path = Info.plist; sourceTree = "<group>"; };
		BC323F8A237C6D820056B7BE /* GroceryListView.swift */ = {isa = PBXFileReference; lastKnownFileType = sourcecode.swift; path = GroceryListView.swift; sourceTree = "<group>"; };
		BC323F8C237C6DB40056B7BE /* GroceryListProtocols.swift */ = {isa = PBXFileReference; lastKnownFileType = sourcecode.swift; path = GroceryListProtocols.swift; sourceTree = "<group>"; };
		BC323F8E237C6DE10056B7BE /* GroceryListPresenter.swift */ = {isa = PBXFileReference; lastKnownFileType = sourcecode.swift; path = GroceryListPresenter.swift; sourceTree = "<group>"; };
		BC323F90237C6E140056B7BE /* GroceryListInteractor.swift */ = {isa = PBXFileReference; lastKnownFileType = sourcecode.swift; path = GroceryListInteractor.swift; sourceTree = "<group>"; };
		BC323F92237C71DE0056B7BE /* GroceryListWireFrame.swift */ = {isa = PBXFileReference; fileEncoding = 4; lastKnownFileType = sourcecode.swift; path = GroceryListWireFrame.swift; sourceTree = "<group>"; };
		BC7AC67A237CABA400B0EA31 /* LocalDataStore.swift */ = {isa = PBXFileReference; lastKnownFileType = sourcecode.swift; path = LocalDataStore.swift; sourceTree = "<group>"; };
		BC7AC67E237CACF900B0EA31 /* Grocery.swift */ = {isa = PBXFileReference; lastKnownFileType = sourcecode.swift; path = Grocery.swift; sourceTree = "<group>"; };
		BC7AC680237CB0AA00B0EA31 /* LocalDataManager.swift */ = {isa = PBXFileReference; lastKnownFileType = sourcecode.swift; path = LocalDataManager.swift; sourceTree = "<group>"; };
/* End PBXFileReference section */

/* Begin PBXFrameworksBuildPhase section */
		BC323F5A237C698D0056B7BE /* Frameworks */ = {
			isa = PBXFrameworksBuildPhase;
			buildActionMask = 2147483647;
			files = (
			);
			runOnlyForDeploymentPostprocessing = 0;
		};
/* End PBXFrameworksBuildPhase section */

/* Begin PBXGroup section */
		BC323F54237C698D0056B7BE = {
			isa = PBXGroup;
			children = (
				BC323F5F237C698D0056B7BE /* EasyGrocery */,
				BC323F5E237C698D0056B7BE /* Products */,
			);
			sourceTree = "<group>";
		};
		BC323F5E237C698D0056B7BE /* Products */ = {
			isa = PBXGroup;
			children = (
				BC323F5D237C698D0056B7BE /* EasyGrocery.app */,
			);
			name = Products;
			sourceTree = "<group>";
		};
		BC323F5F237C698D0056B7BE /* EasyGrocery */ = {
			isa = PBXGroup;
			children = (
				BC323F60237C698D0056B7BE /* AppDelegate.swift */,
				BC323F62237C698D0056B7BE /* SceneDelegate.swift */,
				BC323F66237C698D0056B7BE /* Main.storyboard */,
				BC323F69237C69930056B7BE /* Assets.xcassets */,
				BC323F6B237C69930056B7BE /* LaunchScreen.storyboard */,
				BC323F6E237C69930056B7BE /* Info.plist */,
				BC7AC67C237CACDE00B0EA31 /* Entities */,
				BC323F7D237C6CD00056B7BE /* GroceryList */,
				BC7AC679237CAB9700B0EA31 /* Store */,
				BC7AC67D237CACE800B0EA31 /* MISC */,
			);
			path = EasyGrocery;
			sourceTree = "<group>";
		};
		BC323F7D237C6CD00056B7BE /* GroceryList */ = {
			isa = PBXGroup;
			children = (
				BC323F7E237C6CD00056B7BE /* DataManager */,
				BC323F85237C6CD00056B7BE /* Interactor */,
				BC323F7F237C6CD00056B7BE /* Presenter */,
				BC323F84237C6CD00056B7BE /* Protocols */,
				BC323F82237C6CD00056B7BE /* View */,
				BC323F81237C6CD00056B7BE /* WireFrame */,
			);
			path = GroceryList;
			sourceTree = "<group>";
		};
		BC323F7E237C6CD00056B7BE /* DataManager */ = {
			isa = PBXGroup;
			children = (
				BC7AC680237CB0AA00B0EA31 /* LocalDataManager.swift */,
			);
			path = DataManager;
			sourceTree = "<group>";
		};
		BC323F7F237C6CD00056B7BE /* Presenter */ = {
			isa = PBXGroup;
			children = (
				BC323F8E237C6DE10056B7BE /* GroceryListPresenter.swift */,
			);
			path = Presenter;
			sourceTree = "<group>";
		};
		BC323F81237C6CD00056B7BE /* WireFrame */ = {
			isa = PBXGroup;
			children = (
				BC323F92237C71DE0056B7BE /* GroceryListWireFrame.swift */,
			);
			path = WireFrame;
			sourceTree = "<group>";
		};
		BC323F82237C6CD00056B7BE /* View */ = {
			isa = PBXGroup;
			children = (
				BC323F8A237C6D820056B7BE /* GroceryListView.swift */,
			);
			path = View;
			sourceTree = "<group>";
		};
		BC323F84237C6CD00056B7BE /* Protocols */ = {
			isa = PBXGroup;
			children = (
				BC323F8C237C6DB40056B7BE /* GroceryListProtocols.swift */,
			);
			path = Protocols;
			sourceTree = "<group>";
		};
		BC323F85237C6CD00056B7BE /* Interactor */ = {
			isa = PBXGroup;
			children = (
				BC323F90237C6E140056B7BE /* GroceryListInteractor.swift */,
			);
			path = Interactor;
			sourceTree = "<group>";
		};
		BC7AC679237CAB9700B0EA31 /* Store */ = {
			isa = PBXGroup;
			children = (
				BC7AC67A237CABA400B0EA31 /* LocalDataStore.swift */,
			);
			path = Store;
			sourceTree = "<group>";
		};
		BC7AC67C237CACDE00B0EA31 /* Entities */ = {
			isa = PBXGroup;
			children = (
				BC7AC67E237CACF900B0EA31 /* Grocery.swift */,
			);
			path = Entities;
			sourceTree = "<group>";
		};
		BC7AC67D237CACE800B0EA31 /* MISC */ = {
			isa = PBXGroup;
			children = (
			);
			path = MISC;
			sourceTree = "<group>";
		};
/* End PBXGroup section */

/* Begin PBXNativeTarget section */
		BC323F5C237C698D0056B7BE /* EasyGrocery */ = {
			isa = PBXNativeTarget;
			buildConfigurationList = BC323F71237C69930056B7BE /* Build configuration list for PBXNativeTarget "EasyGrocery" */;
			buildPhases = (
				BC323F59237C698D0056B7BE /* Sources */,
				BC323F5A237C698D0056B7BE /* Frameworks */,
				BC323F5B237C698D0056B7BE /* Resources */,
			);
			buildRules = (
			);
			dependencies = (
			);
			name = EasyGrocery;
			productName = EasyGrocery;
			productReference = BC323F5D237C698D0056B7BE /* EasyGrocery.app */;
			productType = "com.apple.product-type.application";
		};
/* End PBXNativeTarget section */

/* Begin PBXProject section */
		BC323F55237C698D0056B7BE /* Project object */ = {
			isa = PBXProject;
			attributes = {
				LastSwiftUpdateCheck = 1120;
				LastUpgradeCheck = 1120;
				ORGANIZATIONNAME = "Ramanpreet Singh";
				TargetAttributes = {
					BC323F5C237C698D0056B7BE = {
						CreatedOnToolsVersion = 11.2;
					};
				};
			};
			buildConfigurationList = BC323F58237C698D0056B7BE /* Build configuration list for PBXProject "EasyGrocery" */;
			compatibilityVersion = "Xcode 9.3";
			developmentRegion = en;
			hasScannedForEncodings = 0;
			knownRegions = (
				en,
				Base,
			);
			mainGroup = BC323F54237C698D0056B7BE;
			productRefGroup = BC323F5E237C698D0056B7BE /* Products */;
			projectDirPath = "";
			projectRoot = "";
			targets = (
				BC323F5C237C698D0056B7BE /* EasyGrocery */,
			);
		};
/* End PBXProject section */

/* Begin PBXResourcesBuildPhase section */
		BC323F5B237C698D0056B7BE /* Resources */ = {
			isa = PBXResourcesBuildPhase;
			buildActionMask = 2147483647;
			files = (
				BC323F6D237C69930056B7BE /* LaunchScreen.storyboard in Resources */,
				BC323F6A237C69930056B7BE /* Assets.xcassets in Resources */,
				BC323F68237C698D0056B7BE /* Main.storyboard in Resources */,
			);
			runOnlyForDeploymentPostprocessing = 0;
		};
/* End PBXResourcesBuildPhase section */

/* Begin PBXSourcesBuildPhase section */
		BC323F59237C698D0056B7BE /* Sources */ = {
			isa = PBXSourcesBuildPhase;
			buildActionMask = 2147483647;
			files = (
				BC323F91237C6E140056B7BE /* GroceryListInteractor.swift in Sources */,
				BC7AC67B237CABA400B0EA31 /* LocalDataStore.swift in Sources */,
				BC7AC67F237CACF900B0EA31 /* Grocery.swift in Sources */,
				BC7AC681237CB0AA00B0EA31 /* LocalDataManager.swift in Sources */,
				BC323F93237C71DE0056B7BE /* GroceryListWireFrame.swift in Sources */,
				BC323F61237C698D0056B7BE /* AppDelegate.swift in Sources */,
				BC323F8F237C6DE10056B7BE /* GroceryListPresenter.swift in Sources */,
				BC323F8D237C6DB40056B7BE /* GroceryListProtocols.swift in Sources */,
				BC323F63237C698D0056B7BE /* SceneDelegate.swift in Sources */,
				BC323F8B237C6D820056B7BE /* GroceryListView.swift in Sources */,
			);
			runOnlyForDeploymentPostprocessing = 0;
		};
/* End PBXSourcesBuildPhase section */

/* Begin PBXVariantGroup section */
		BC323F66237C698D0056B7BE /* Main.storyboard */ = {
			isa = PBXVariantGroup;
			children = (
				BC323F67237C698D0056B7BE /* Base */,
			);
			name = Main.storyboard;
			sourceTree = "<group>";
		};
		BC323F6B237C69930056B7BE /* LaunchScreen.storyboard */ = {
			isa = PBXVariantGroup;
			children = (
				BC323F6C237C69930056B7BE /* Base */,
			);
			name = LaunchScreen.storyboard;
			sourceTree = "<group>";
		};
/* End PBXVariantGroup section */

/* Begin XCBuildConfiguration section */
		BC323F6F237C69930056B7BE /* Debug */ = {
			isa = XCBuildConfiguration;
			buildSettings = {
				ALWAYS_SEARCH_USER_PATHS = NO;
				CLANG_ANALYZER_NONNULL = YES;
				CLANG_ANALYZER_NUMBER_OBJECT_CONVERSION = YES_AGGRESSIVE;
				CLANG_CXX_LANGUAGE_STANDARD = "gnu++14";
				CLANG_CXX_LIBRARY = "libc++";
				CLANG_ENABLE_MODULES = YES;
				CLANG_ENABLE_OBJC_ARC = YES;
				CLANG_ENABLE_OBJC_WEAK = YES;
				CLANG_WARN_BLOCK_CAPTURE_AUTORELEASING = YES;
				CLANG_WARN_BOOL_CONVERSION = YES;
				CLANG_WARN_COMMA = YES;
				CLANG_WARN_CONSTANT_CONVERSION = YES;
				CLANG_WARN_DEPRECATED_OBJC_IMPLEMENTATIONS = YES;
				CLANG_WARN_DIRECT_OBJC_ISA_USAGE = YES_ERROR;
				CLANG_WARN_DOCUMENTATION_COMMENTS = YES;
				CLANG_WARN_EMPTY_BODY = YES;
				CLANG_WARN_ENUM_CONVERSION = YES;
				CLANG_WARN_INFINITE_RECURSION = YES;
				CLANG_WARN_INT_CONVERSION = YES;
				CLANG_WARN_NON_LITERAL_NULL_CONVERSION = YES;
				CLANG_WARN_OBJC_IMPLICIT_RETAIN_SELF = YES;
				CLANG_WARN_OBJC_LITERAL_CONVERSION = YES;
				CLANG_WARN_OBJC_ROOT_CLASS = YES_ERROR;
				CLANG_WARN_RANGE_LOOP_ANALYSIS = YES;
				CLANG_WARN_STRICT_PROTOTYPES = YES;
				CLANG_WARN_SUSPICIOUS_MOVE = YES;
				CLANG_WARN_UNGUARDED_AVAILABILITY = YES_AGGRESSIVE;
				CLANG_WARN_UNREACHABLE_CODE = YES;
				CLANG_WARN__DUPLICATE_METHOD_MATCH = YES;
				COPY_PHASE_STRIP = NO;
				DEBUG_INFORMATION_FORMAT = dwarf;
				ENABLE_STRICT_OBJC_MSGSEND = YES;
				ENABLE_TESTABILITY = YES;
				GCC_C_LANGUAGE_STANDARD = gnu11;
				GCC_DYNAMIC_NO_PIC = NO;
				GCC_NO_COMMON_BLOCKS = YES;
				GCC_OPTIMIZATION_LEVEL = 0;
				GCC_PREPROCESSOR_DEFINITIONS = (
					"DEBUG=1",
					"$(inherited)",
				);
				GCC_WARN_64_TO_32_BIT_CONVERSION = YES;
				GCC_WARN_ABOUT_RETURN_TYPE = YES_ERROR;
				GCC_WARN_UNDECLARED_SELECTOR = YES;
				GCC_WARN_UNINITIALIZED_AUTOS = YES_AGGRESSIVE;
				GCC_WARN_UNUSED_FUNCTION = YES;
				GCC_WARN_UNUSED_VARIABLE = YES;
				IPHONEOS_DEPLOYMENT_TARGET = 13.2;
				MTL_ENABLE_DEBUG_INFO = INCLUDE_SOURCE;
				MTL_FAST_MATH = YES;
				ONLY_ACTIVE_ARCH = YES;
				SDKROOT = iphoneos;
				SWIFT_ACTIVE_COMPILATION_CONDITIONS = DEBUG;
				SWIFT_OPTIMIZATION_LEVEL = "-Onone";
			};
			name = Debug;
		};
		BC323F70237C69930056B7BE /* Release */ = {
			isa = XCBuildConfiguration;
			buildSettings = {
				ALWAYS_SEARCH_USER_PATHS = NO;
				CLANG_ANALYZER_NONNULL = YES;
				CLANG_ANALYZER_NUMBER_OBJECT_CONVERSION = YES_AGGRESSIVE;
				CLANG_CXX_LANGUAGE_STANDARD = "gnu++14";
				CLANG_CXX_LIBRARY = "libc++";
				CLANG_ENABLE_MODULES = YES;
				CLANG_ENABLE_OBJC_ARC = YES;
				CLANG_ENABLE_OBJC_WEAK = YES;
				CLANG_WARN_BLOCK_CAPTURE_AUTORELEASING = YES;
				CLANG_WARN_BOOL_CONVERSION = YES;
				CLANG_WARN_COMMA = YES;
				CLANG_WARN_CONSTANT_CONVERSION = YES;
				CLANG_WARN_DEPRECATED_OBJC_IMPLEMENTATIONS = YES;
				CLANG_WARN_DIRECT_OBJC_ISA_USAGE = YES_ERROR;
				CLANG_WARN_DOCUMENTATION_COMMENTS = YES;
				CLANG_WARN_EMPTY_BODY = YES;
				CLANG_WARN_ENUM_CONVERSION = YES;
				CLANG_WARN_INFINITE_RECURSION = YES;
				CLANG_WARN_INT_CONVERSION = YES;
				CLANG_WARN_NON_LITERAL_NULL_CONVERSION = YES;
				CLANG_WARN_OBJC_IMPLICIT_RETAIN_SELF = YES;
				CLANG_WARN_OBJC_LITERAL_CONVERSION = YES;
				CLANG_WARN_OBJC_ROOT_CLASS = YES_ERROR;
				CLANG_WARN_RANGE_LOOP_ANALYSIS = YES;
				CLANG_WARN_STRICT_PROTOTYPES = YES;
				CLANG_WARN_SUSPICIOUS_MOVE = YES;
				CLANG_WARN_UNGUARDED_AVAILABILITY = YES_AGGRESSIVE;
				CLANG_WARN_UNREACHABLE_CODE = YES;
				CLANG_WARN__DUPLICATE_METHOD_MATCH = YES;
				COPY_PHASE_STRIP = NO;
				DEBUG_INFORMATION_FORMAT = "dwarf-with-dsym";
				ENABLE_NS_ASSERTIONS = NO;
				ENABLE_STRICT_OBJC_MSGSEND = YES;
				GCC_C_LANGUAGE_STANDARD = gnu11;
				GCC_NO_COMMON_BLOCKS = YES;
				GCC_WARN_64_TO_32_BIT_CONVERSION = YES;
				GCC_WARN_ABOUT_RETURN_TYPE = YES_ERROR;
				GCC_WARN_UNDECLARED_SELECTOR = YES;
				GCC_WARN_UNINITIALIZED_AUTOS = YES_AGGRESSIVE;
				GCC_WARN_UNUSED_FUNCTION = YES;
				GCC_WARN_UNUSED_VARIABLE = YES;
				IPHONEOS_DEPLOYMENT_TARGET = 13.2;
				MTL_ENABLE_DEBUG_INFO = NO;
				MTL_FAST_MATH = YES;
				SDKROOT = iphoneos;
				SWIFT_COMPILATION_MODE = wholemodule;
				SWIFT_OPTIMIZATION_LEVEL = "-O";
				VALIDATE_PRODUCT = YES;
			};
			name = Release;
		};
		BC323F72237C69930056B7BE /* Debug */ = {
			isa = XCBuildConfiguration;
			buildSettings = {
				ASSETCATALOG_COMPILER_APPICON_NAME = AppIcon;
				CODE_SIGN_STYLE = Automatic;
				INFOPLIST_FILE = EasyGrocery/Info.plist;
				LD_RUNPATH_SEARCH_PATHS = (
					"$(inherited)",
					"@executable_path/Frameworks",
				);
				PRODUCT_BUNDLE_IDENTIFIER = com.ramanpreet.EasyGrocery;
				PRODUCT_NAME = "$(TARGET_NAME)";
				SWIFT_VERSION = 5.0;
				TARGETED_DEVICE_FAMILY = "1,2";
			};
			name = Debug;
		};
		BC323F73237C69930056B7BE /* Release */ = {
			isa = XCBuildConfiguration;
			buildSettings = {
				ASSETCATALOG_COMPILER_APPICON_NAME = AppIcon;
				CODE_SIGN_STYLE = Automatic;
				INFOPLIST_FILE = EasyGrocery/Info.plist;
				LD_RUNPATH_SEARCH_PATHS = (
					"$(inherited)",
					"@executable_path/Frameworks",
				);
				PRODUCT_BUNDLE_IDENTIFIER = com.ramanpreet.EasyGrocery;
				PRODUCT_NAME = "$(TARGET_NAME)";
				SWIFT_VERSION = 5.0;
				TARGETED_DEVICE_FAMILY = "1,2";
			};
			name = Release;
		};
/* End XCBuildConfiguration section */

/* Begin XCConfigurationList section */
		BC323F58237C698D0056B7BE /* Build configuration list for PBXProject "EasyGrocery" */ = {
			isa = XCConfigurationList;
			buildConfigurations = (
				BC323F6F237C69930056B7BE /* Debug */,
				BC323F70237C69930056B7BE /* Release */,
			);
			defaultConfigurationIsVisible = 0;
			defaultConfigurationName = Release;
		};
		BC323F71237C69930056B7BE /* Build configuration list for PBXNativeTarget "EasyGrocery" */ = {
			isa = XCConfigurationList;
			buildConfigurations = (
				BC323F72237C69930056B7BE /* Debug */,
				BC323F73237C69930056B7BE /* Release */,
			);
			defaultConfigurationIsVisible = 0;
			defaultConfigurationName = Release;
		};
/* End XCConfigurationList section */
	};
	rootObject = BC323F55237C698D0056B7BE /* Project object */;
}
